<Solution>
  <Folder Name="/ApiGateway/">
    <Project Path="ApiGateway/Tripora.ApiGateway.csproj" />
  </Folder>
  <Folder Name="/Services/">
    <Project Path="Services/Tripora.BookingService/Tripora.BookingService.csproj" />
    <Project Path="Services/Tripora.PaymentService/Tripora.PaymentService.csproj" />
    <Project Path="Services/Tripora.TourService/Tripora.TourService.csproj" />
    <Project Path="Services/Tripora.TourService.Tests/Tripora.TourService.Tests.csproj" />
    <Project Path="Services/Tripora.UserService/Tripora.UserService.csproj" />
    <Project Path="Services/Tripora.UserService.Tests/Tripora.UserService.Tests.csproj" />
  </Folder>
  <Folder Name="/Shared/">
    <Project Path="Shared/Tripora.Shared.csproj" />
  </Folder>
</Solution>
